
Microsoft Visual Studio Solution File, Format Version 12.00
# Visual Studio Version 17
VisualStudioVersion = 17.13.35825.156 d17.13
MinimumVisualStudioVersion = 10.0.40219.1
Project("{2150E333-8FDC-42A3-9474-1A3956D46DE8}") = "ApiGateway", "ApiGateway", "{02EA681E-C7D8-13C7-8484-4AC65E1B71E8}"
EndProject
Project("{FAE04EC0-301F-11D3-BF4B-00C04F79EFBC}") = "ITBoostUP.ApiGateway", "ApiGateway\ITBoostUP.ApiGateway\ITBoostUP.ApiGateway.csproj", "{002E4447-850C-4469-AD90-F65AD083E974}"
EndProject
Project("{2150E333-8FDC-42A3-9474-1A3956D46DE8}") = "Services", "Services", "{6249334E-2252-4264-9046-F4B64FC5657A}"
EndProject
Project("{2150E333-8FDC-42A3-9474-1A3956D46DE8}") = "Tests", "Tests", "{A2AAE1D0-2110-421A-934A-246DD4C8A7DC}"
EndProject
Project("{2150E333-8FDC-42A3-9474-1A3956D46DE8}") = "Database", "Database", "{1DC4EEF5-CF4F-48B9-A6FC-76376BB7E103}"
EndProject
Project("{2150E333-8FDC-42A3-9474-1A3956D46DE8}") = "ClientAdmin", "ClientAdmin", "{87BF76CF-6E95-4CB3-82F4-A57212081897}"
EndProject
Project("{FAE04EC0-301F-11D3-BF4B-00C04F79EFBC}") = "ITBoostUp.ClientAdmin.API", "Services\ClientAdmin\ITBoostUp.ClientAdmin.API\ITBoostUp.ClientAdmin.API.csproj", "{CE66E902-4BE4-4130-A806-19BE87ACAEC3}"
EndProject
Project("{FAE04EC0-301F-11D3-BF4B-00C04F79EFBC}") = "ITBoostUp.ClientAdmin.Application", "Services\ClientAdmin\ITBoostUp.ClientAdmin.Application\ITBoostUp.ClientAdmin.Application.csproj", "{9F33BFC1-5B25-4663-A3BA-7E8581362B41}"
EndProject
Project("{FAE04EC0-301F-11D3-BF4B-00C04F79EFBC}") = "ITBoostUp.ClientAdmin.Infrastructure", "Services\ClientAdmin\ITBoostUp.ClientAdmin.Infrastructure\ITBoostUp.ClientAdmin.Infrastructure.csproj", "{A4112A65-016A-44D0-AA4D-81CC203C21BC}"
EndProject
Project("{FAE04EC0-301F-11D3-BF4B-00C04F79EFBC}") = "ITBoostUp.ClientAdmin.Domain", "Services\ClientAdmin\ITBoostUp.ClientAdmin.Domain\ITBoostUp.ClientAdmin.Domain.csproj", "{866770AF-0AEB-4E7F-A9BF-8D77498B879E}"
EndProject
Project("{2150E333-8FDC-42A3-9474-1A3956D46DE8}") = "ClientAdmin", "ClientAdmin", "{0CD56822-62C7-4CD3-97AE-4AA34AC5B792}"
EndProject
Project("{FAE04EC0-301F-11D3-BF4B-00C04F79EFBC}") = "ITBoostUp.ClientAdmin.UnitTest", "Tests\ClientAdmin\ITBoostUp.ClientAdmin.UnitTest\ITBoostUp.ClientAdmin.UnitTest.csproj", "{4685DF44-CC1F-4491-9227-BEE33D0B3023}"
EndProject
Project("{2150E333-8FDC-42A3-9474-1A3956D46DE8}") = "ClientAdmin", "ClientAdmin", "{A9687E32-3A27-4679-BBF4-5B51DBBEAE7C}"
EndProject
Project("{2150E333-8FDC-42A3-9474-1A3956D46DE8}") = "ProductAdmin", "ProductAdmin", "{3D471D59-306C-4982-B1E7-9DC1E028047C}"
EndProject
Project("{FAE04EC0-301F-11D3-BF4B-00C04F79EFBC}") = "ITBoostUp.ProductAdmin.API", "Services\ProductAdmin\ITBoostUp.ProductAdmin.API\ITBoostUp.ProductAdmin.API.csproj", "{A6DFC2A3-3CD5-4B54-913F-B6D71C3E4B0F}"
EndProject
Project("{FAE04EC0-301F-11D3-BF4B-00C04F79EFBC}") = "ITBoostUp.ProductAdmin.Application", "Services\ProductAdmin\ITBoostUp.ProductAdmin.Application\ITBoostUp.ProductAdmin.Application.csproj", "{E2066D0E-A754-4793-B93B-D180CBB32916}"
EndProject
Project("{FAE04EC0-301F-11D3-BF4B-00C04F79EFBC}") = "ITBoostUp.ProductAdmin.Domain", "Services\ProductAdmin\ITBoostUp.ProductAdmin.Domain\ITBoostUp.ProductAdmin.Domain.csproj", "{4FC70753-1AB3-4C5E-A204-AFD32293C41C}"
EndProject
Project("{FAE04EC0-301F-11D3-BF4B-00C04F79EFBC}") = "ITBoostUp.ProductAdmin.Infrastructure", "Services\ProductAdmin\ITBoostUp.ProductAdmin.Infrastructure\ITBoostUp.ProductAdmin.Infrastructure.csproj", "{AE70228A-39B9-41E0-9504-7A497D23365B}"
EndProject
Project("{2150E333-8FDC-42A3-9474-1A3956D46DE8}") = "ProductAdmin", "ProductAdmin", "{23E181FF-56D7-4B74-ABBD-50C007A79174}"
EndProject
Project("{FAE04EC0-301F-11D3-BF4B-00C04F79EFBC}") = "ITBoostUp.ProductAdmin.UnitTest", "Tests\ProductAdmin\ITBoostUp.ProductAdmin.UnitTest\ITBoostUp.ProductAdmin.UnitTest.csproj", "{D886C8B8-D8F0-4D36-BEAC-FAA5839814D3}"
EndProject
Project("{2150E333-8FDC-42A3-9474-1A3956D46DE8}") = "ProductAdmin", "ProductAdmin", "{4A2F668A-F148-4891-829D-33CB9412847F}"
EndProject
Project("{2150E333-8FDC-42A3-9474-1A3956D46DE8}") = "ClientEndUser", "ClientEndUser", "{29F07633-7D1C-401A-BEE5-54D619451DFD}"
EndProject
Project("{FAE04EC0-301F-11D3-BF4B-00C04F79EFBC}") = "ITBoostUp.ClientEndUser.API", "Services\ClientEndUser\ITBoostUp.ClientEndUser.API\ITBoostUp.ClientEndUser.API.csproj", "{5D016B47-25F8-4400-A274-7687D9EEAF61}"
EndProject
Project("{FAE04EC0-301F-11D3-BF4B-00C04F79EFBC}") = "ITBoostUp.ClientEndUser.Application", "Services\ClientEndUser\ITBoostUp.ClientEndUser.Application\ITBoostUp.ClientEndUser.Application.csproj", "{50598DE1-3EE5-4E69-BC96-00724864EC2B}"
EndProject
Project("{FAE04EC0-301F-11D3-BF4B-00C04F79EFBC}") = "ITBoostUp.ClientEndUser.Domain", "Services\ClientEndUser\ITBoostUp.ClientEndUser.Domain\ITBoostUp.ClientEndUser.Domain.csproj", "{7B1F4819-ACF6-4BFF-AB3E-81AC5D26BEB1}"
EndProject
Project("{FAE04EC0-301F-11D3-BF4B-00C04F79EFBC}") = "ITBoostUp.ClientEndUser.Infrastructure", "Services\ClientEndUser\ITBoostUp.ClientEndUser.Infrastructure\ITBoostUp.ClientEndUser.Infrastructure.csproj", "{518D102D-A7DF-4455-AD23-0E151713692E}"
EndProject
Project("{2150E333-8FDC-42A3-9474-1A3956D46DE8}") = "ClientEndUser", "ClientEndUser", "{C6E35609-2D14-4F3D-88C6-00196718C463}"
EndProject
Project("{FAE04EC0-301F-11D3-BF4B-00C04F79EFBC}") = "ITBoostUp.ClientEndUser.UnitTest", "Tests\ClientEndUser\ITBoostUp.ClientEndUser.UnitTest\ITBoostUp.ClientEndUser.UnitTest.csproj", "{C5EC66D8-A0EB-4854-8923-19FA2D91BC3B}"
EndProject
Project("{2150E333-8FDC-42A3-9474-1A3956D46DE8}") = "ClientEndUser", "ClientEndUser", "{F2995FBB-82B9-4362-AC1E-FEC7985D4127}"
EndProject
Project("{2150E333-8FDC-42A3-9474-1A3956D46DE8}") = "ProductEndUser", "ProductEndUser", "{AD8BDE52-9D94-4179-83AC-33BC47C75E1C}"
EndProject
Project("{2150E333-8FDC-42A3-9474-1A3956D46DE8}") = "ProductEndUser", "ProductEndUser", "{AC9D13AA-117F-4AB6-9E96-CA84ECF755EE}"
EndProject
Project("{FAE04EC0-301F-11D3-BF4B-00C04F79EFBC}") = "ITBoostUp.ProductEndUser.API", "Services\ProductEndUser\ITBoostUp.ProductEndUser.API\ITBoostUp.ProductEndUser.API.csproj", "{D850B175-4194-496C-9E4D-B589AA88A92F}"
EndProject
Project("{FAE04EC0-301F-11D3-BF4B-00C04F79EFBC}") = "ITBoostUp.ProductEndUser.Application", "Services\ProductEndUser\ITBoostUp.ProductEndUser.Application\ITBoostUp.ProductEndUser.Application.csproj", "{EAEE9872-48D4-47DE-811A-6DECAC4EACC1}"
EndProject
Project("{FAE04EC0-301F-11D3-BF4B-00C04F79EFBC}") = "ITBoostUp.ProductEndUser.Domain", "Services\ProductEndUser\ITBoostUp.ProductEndUser.Domain\ITBoostUp.ProductEndUser.Domain.csproj", "{CE0C4B9B-07D9-4107-9C72-1280592D2F8A}"
EndProject
Project("{FAE04EC0-301F-11D3-BF4B-00C04F79EFBC}") = "ITBoostUp.ProductEndUser.Infrastructure", "Services\ProductEndUser\ITBoostUp.ProductEndUser.Infrastructure\ITBoostUp.ProductEndUser.Infrastructure.csproj", "{FFB94FC5-A385-4F28-A0ED-836EBF638156}"
EndProject
Project("{2150E333-8FDC-42A3-9474-1A3956D46DE8}") = "ProductEndUser", "ProductEndUser", "{BBE95991-9257-44A8-B504-C4DB924AFF97}"
EndProject
Project("{FAE04EC0-301F-11D3-BF4B-00C04F79EFBC}") = "ITBoostUp.ProductEndUser.UnitTest", "Tests\ProductEndUser\ITBoostUp.ProductEndUser.UnitTest\ITBoostUp.ProductEndUser.UnitTest.csproj", "{C2D9B9A3-7122-4B79-ABE3-3CC39FF99D68}"
EndProject
Global
	GlobalSection(SolutionConfigurationPlatforms) = preSolution
		Debug|Any CPU = Debug|Any CPU
		Release|Any CPU = Release|Any CPU
	EndGlobalSection
	GlobalSection(ProjectConfigurationPlatforms) = postSolution
		{002E4447-850C-4469-AD90-F65AD083E974}.Debug|Any CPU.ActiveCfg = Debug|Any CPU
		{002E4447-850C-4469-AD90-F65AD083E974}.Debug|Any CPU.Build.0 = Debug|Any CPU
		{002E4447-850C-4469-AD90-F65AD083E974}.Release|Any CPU.ActiveCfg = Release|Any CPU
		{002E4447-850C-4469-AD90-F65AD083E974}.Release|Any CPU.Build.0 = Release|Any CPU
		{CE66E902-4BE4-4130-A806-19BE87ACAEC3}.Debug|Any CPU.ActiveCfg = Debug|Any CPU
		{CE66E902-4BE4-4130-A806-19BE87ACAEC3}.Debug|Any CPU.Build.0 = Debug|Any CPU
		{CE66E902-4BE4-4130-A806-19BE87ACAEC3}.Release|Any CPU.ActiveCfg = Release|Any CPU
		{CE66E902-4BE4-4130-A806-19BE87ACAEC3}.Release|Any CPU.Build.0 = Release|Any CPU
		{9F33BFC1-5B25-4663-A3BA-7E8581362B41}.Debug|Any CPU.ActiveCfg = Debug|Any CPU
		{9F33BFC1-5B25-4663-A3BA-7E8581362B41}.Debug|Any CPU.Build.0 = Debug|Any CPU
		{9F33BFC1-5B25-4663-A3BA-7E8581362B41}.Release|Any CPU.ActiveCfg = Release|Any CPU
		{9F33BFC1-5B25-4663-A3BA-7E8581362B41}.Release|Any CPU.Build.0 = Release|Any CPU
		{A4112A65-016A-44D0-AA4D-81CC203C21BC}.Debug|Any CPU.ActiveCfg = Debug|Any CPU
		{A4112A65-016A-44D0-AA4D-81CC203C21BC}.Debug|Any CPU.Build.0 = Debug|Any CPU
		{A4112A65-016A-44D0-AA4D-81CC203C21BC}.Release|Any CPU.ActiveCfg = Release|Any CPU
		{A4112A65-016A-44D0-AA4D-81CC203C21BC}.Release|Any CPU.Build.0 = Release|Any CPU
		{866770AF-0AEB-4E7F-A9BF-8D77498B879E}.Debug|Any CPU.ActiveCfg = Debug|Any CPU
		{866770AF-0AEB-4E7F-A9BF-8D77498B879E}.Debug|Any CPU.Build.0 = Debug|Any CPU
		{866770AF-0AEB-4E7F-A9BF-8D77498B879E}.Release|Any CPU.ActiveCfg = Release|Any CPU
		{866770AF-0AEB-4E7F-A9BF-8D77498B879E}.Release|Any CPU.Build.0 = Release|Any CPU
		{4685DF44-CC1F-4491-9227-BEE33D0B3023}.Debug|Any CPU.ActiveCfg = Debug|Any CPU
		{4685DF44-CC1F-4491-9227-BEE33D0B3023}.Debug|Any CPU.Build.0 = Debug|Any CPU
		{4685DF44-CC1F-4491-9227-BEE33D0B3023}.Release|Any CPU.ActiveCfg = Release|Any CPU
		{4685DF44-CC1F-4491-9227-BEE33D0B3023}.Release|Any CPU.Build.0 = Release|Any CPU
		{A6DFC2A3-3CD5-4B54-913F-B6D71C3E4B0F}.Debug|Any CPU.ActiveCfg = Debug|Any CPU
		{A6DFC2A3-3CD5-4B54-913F-B6D71C3E4B0F}.Debug|Any CPU.Build.0 = Debug|Any CPU
		{A6DFC2A3-3CD5-4B54-913F-B6D71C3E4B0F}.Release|Any CPU.ActiveCfg = Release|Any CPU
		{A6DFC2A3-3CD5-4B54-913F-B6D71C3E4B0F}.Release|Any CPU.Build.0 = Release|Any CPU
		{E2066D0E-A754-4793-B93B-D180CBB32916}.Debug|Any CPU.ActiveCfg = Debug|Any CPU
		{E2066D0E-A754-4793-B93B-D180CBB32916}.Debug|Any CPU.Build.0 = Debug|Any CPU
		{E2066D0E-A754-4793-B93B-D180CBB32916}.Release|Any CPU.ActiveCfg = Release|Any CPU
		{E2066D0E-A754-4793-B93B-D180CBB32916}.Release|Any CPU.Build.0 = Release|Any CPU
		{4FC70753-1AB3-4C5E-A204-AFD32293C41C}.Debug|Any CPU.ActiveCfg = Debug|Any CPU
		{4FC70753-1AB3-4C5E-A204-AFD32293C41C}.Debug|Any CPU.Build.0 = Debug|Any CPU
		{4FC70753-1AB3-4C5E-A204-AFD32293C41C}.Release|Any CPU.ActiveCfg = Release|Any CPU
		{4FC70753-1AB3-4C5E-A204-AFD32293C41C}.Release|Any CPU.Build.0 = Release|Any CPU
		{AE70228A-39B9-41E0-9504-7A497D23365B}.Debug|Any CPU.ActiveCfg = Debug|Any CPU
		{AE70228A-39B9-41E0-9504-7A497D23365B}.Debug|Any CPU.Build.0 = Debug|Any CPU
		{AE70228A-39B9-41E0-9504-7A497D23365B}.Release|Any CPU.ActiveCfg = Release|Any CPU
		{AE70228A-39B9-41E0-9504-7A497D23365B}.Release|Any CPU.Build.0 = Release|Any CPU
		{D886C8B8-D8F0-4D36-BEAC-FAA5839814D3}.Debug|Any CPU.ActiveCfg = Debug|Any CPU
		{D886C8B8-D8F0-4D36-BEAC-FAA5839814D3}.Debug|Any CPU.Build.0 = Debug|Any CPU
		{D886C8B8-D8F0-4D36-BEAC-FAA5839814D3}.Release|Any CPU.ActiveCfg = Release|Any CPU
		{D886C8B8-D8F0-4D36-BEAC-FAA5839814D3}.Release|Any CPU.Build.0 = Release|Any CPU
		{5D016B47-25F8-4400-A274-7687D9EEAF61}.Debug|Any CPU.ActiveCfg = Debug|Any CPU
		{5D016B47-25F8-4400-A274-7687D9EEAF61}.Debug|Any CPU.Build.0 = Debug|Any CPU
		{5D016B47-25F8-4400-A274-7687D9EEAF61}.Release|Any CPU.ActiveCfg = Release|Any CPU
		{5D016B47-25F8-4400-A274-7687D9EEAF61}.Release|Any CPU.Build.0 = Release|Any CPU
		{50598DE1-3EE5-4E69-BC96-00724864EC2B}.Debug|Any CPU.ActiveCfg = Debug|Any CPU
		{50598DE1-3EE5-4E69-BC96-00724864EC2B}.Debug|Any CPU.Build.0 = Debug|Any CPU
		{50598DE1-3EE5-4E69-BC96-00724864EC2B}.Release|Any CPU.ActiveCfg = Release|Any CPU
		{50598DE1-3EE5-4E69-BC96-00724864EC2B}.Release|Any CPU.Build.0 = Release|Any CPU
		{7B1F4819-ACF6-4BFF-AB3E-81AC5D26BEB1}.Debug|Any CPU.ActiveCfg = Debug|Any CPU
		{7B1F4819-ACF6-4BFF-AB3E-81AC5D26BEB1}.Debug|Any CPU.Build.0 = Debug|Any CPU
		{7B1F4819-ACF6-4BFF-AB3E-81AC5D26BEB1}.Release|Any CPU.ActiveCfg = Release|Any CPU
		{7B1F4819-ACF6-4BFF-AB3E-81AC5D26BEB1}.Release|Any CPU.Build.0 = Release|Any CPU
		{518D102D-A7DF-4455-AD23-0E151713692E}.Debug|Any CPU.ActiveCfg = Debug|Any CPU
		{518D102D-A7DF-4455-AD23-0E151713692E}.Debug|Any CPU.Build.0 = Debug|Any CPU
		{518D102D-A7DF-4455-AD23-0E151713692E}.Release|Any CPU.ActiveCfg = Release|Any CPU
		{518D102D-A7DF-4455-AD23-0E151713692E}.Release|Any CPU.Build.0 = Release|Any CPU
		{C5EC66D8-A0EB-4854-8923-19FA2D91BC3B}.Debug|Any CPU.ActiveCfg = Debug|Any CPU
		{C5EC66D8-A0EB-4854-8923-19FA2D91BC3B}.Debug|Any CPU.Build.0 = Debug|Any CPU
		{C5EC66D8-A0EB-4854-8923-19FA2D91BC3B}.Release|Any CPU.ActiveCfg = Release|Any CPU
		{C5EC66D8-A0EB-4854-8923-19FA2D91BC3B}.Release|Any CPU.Build.0 = Release|Any CPU
		{D850B175-4194-496C-9E4D-B589AA88A92F}.Debug|Any CPU.ActiveCfg = Debug|Any CPU
		{D850B175-4194-496C-9E4D-B589AA88A92F}.Debug|Any CPU.Build.0 = Debug|Any CPU
		{D850B175-4194-496C-9E4D-B589AA88A92F}.Release|Any CPU.ActiveCfg = Release|Any CPU
		{D850B175-4194-496C-9E4D-B589AA88A92F}.Release|Any CPU.Build.0 = Release|Any CPU
		{EAEE9872-48D4-47DE-811A-6DECAC4EACC1}.Debug|Any CPU.ActiveCfg = Debug|Any CPU
		{EAEE9872-48D4-47DE-811A-6DECAC4EACC1}.Debug|Any CPU.Build.0 = Debug|Any CPU
		{EAEE9872-48D4-47DE-811A-6DECAC4EACC1}.Release|Any CPU.ActiveCfg = Release|Any CPU
		{EAEE9872-48D4-47DE-811A-6DECAC4EACC1}.Release|Any CPU.Build.0 = Release|Any CPU
		{CE0C4B9B-07D9-4107-9C72-1280592D2F8A}.Debug|Any CPU.ActiveCfg = Debug|Any CPU
		{CE0C4B9B-07D9-4107-9C72-1280592D2F8A}.Debug|Any CPU.Build.0 = Debug|Any CPU
		{CE0C4B9B-07D9-4107-9C72-1280592D2F8A}.Release|Any CPU.ActiveCfg = Release|Any CPU
		{CE0C4B9B-07D9-4107-9C72-1280592D2F8A}.Release|Any CPU.Build.0 = Release|Any CPU
		{FFB94FC5-A385-4F28-A0ED-836EBF638156}.Debug|Any CPU.ActiveCfg = Debug|Any CPU
		{FFB94FC5-A385-4F28-A0ED-836EBF638156}.Debug|Any CPU.Build.0 = Debug|Any CPU
		{FFB94FC5-A385-4F28-A0ED-836EBF638156}.Release|Any CPU.ActiveCfg = Release|Any CPU
		{FFB94FC5-A385-4F28-A0ED-836EBF638156}.Release|Any CPU.Build.0 = Release|Any CPU
		{C2D9B9A3-7122-4B79-ABE3-3CC39FF99D68}.Debug|Any CPU.ActiveCfg = Debug|Any CPU
		{C2D9B9A3-7122-4B79-ABE3-3CC39FF99D68}.Debug|Any CPU.Build.0 = Debug|Any CPU
		{C2D9B9A3-7122-4B79-ABE3-3CC39FF99D68}.Release|Any CPU.ActiveCfg = Release|Any CPU
		{C2D9B9A3-7122-4B79-ABE3-3CC39FF99D68}.Release|Any CPU.Build.0 = Release|Any CPU
	EndGlobalSection
	GlobalSection(SolutionProperties) = preSolution
		HideSolutionNode = FALSE
	EndGlobalSection
	GlobalSection(NestedProjects) = preSolution
		{002E4447-850C-4469-AD90-F65AD083E974} = {02EA681E-C7D8-13C7-8484-4AC65E1B71E8}
		{87BF76CF-6E95-4CB3-82F4-A57212081897} = {6249334E-2252-4264-9046-F4B64FC5657A}
		{CE66E902-4BE4-4130-A806-19BE87ACAEC3} = {87BF76CF-6E95-4CB3-82F4-A57212081897}
		{9F33BFC1-5B25-4663-A3BA-7E8581362B41} = {87BF76CF-6E95-4CB3-82F4-A57212081897}
		{A4112A65-016A-44D0-AA4D-81CC203C21BC} = {87BF76CF-6E95-4CB3-82F4-A57212081897}
		{866770AF-0AEB-4E7F-A9BF-8D77498B879E} = {87BF76CF-6E95-4CB3-82F4-A57212081897}
		{0CD56822-62C7-4CD3-97AE-4AA34AC5B792} = {A2AAE1D0-2110-421A-934A-246DD4C8A7DC}
		{4685DF44-CC1F-4491-9227-BEE33D0B3023} = {0CD56822-62C7-4CD3-97AE-4AA34AC5B792}
		{A9687E32-3A27-4679-BBF4-5B51DBBEAE7C} = {1DC4EEF5-CF4F-48B9-A6FC-76376BB7E103}
		{3D471D59-306C-4982-B1E7-9DC1E028047C} = {6249334E-2252-4264-9046-F4B64FC5657A}
		{A6DFC2A3-3CD5-4B54-913F-B6D71C3E4B0F} = {3D471D59-306C-4982-B1E7-9DC1E028047C}
		{E2066D0E-A754-4793-B93B-D180CBB32916} = {3D471D59-306C-4982-B1E7-9DC1E028047C}
		{4FC70753-1AB3-4C5E-A204-AFD32293C41C} = {3D471D59-306C-4982-B1E7-9DC1E028047C}
		{AE70228A-39B9-41E0-9504-7A497D23365B} = {3D471D59-306C-4982-B1E7-9DC1E028047C}
		{23E181FF-56D7-4B74-ABBD-50C007A79174} = {A2AAE1D0-2110-421A-934A-246DD4C8A7DC}
		{D886C8B8-D8F0-4D36-BEAC-FAA5839814D3} = {23E181FF-56D7-4B74-ABBD-50C007A79174}
		{4A2F668A-F148-4891-829D-33CB9412847F} = {1DC4EEF5-CF4F-48B9-A6FC-76376BB7E103}
		{29F07633-7D1C-401A-BEE5-54D619451DFD} = {6249334E-2252-4264-9046-F4B64FC5657A}
		{5D016B47-25F8-4400-A274-7687D9EEAF61} = {29F07633-7D1C-401A-BEE5-54D619451DFD}
		{50598DE1-3EE5-4E69-BC96-00724864EC2B} = {29F07633-7D1C-401A-BEE5-54D619451DFD}
		{7B1F4819-ACF6-4BFF-AB3E-81AC5D26BEB1} = {29F07633-7D1C-401A-BEE5-54D619451DFD}
		{518D102D-A7DF-4455-AD23-0E151713692E} = {29F07633-7D1C-401A-BEE5-54D619451DFD}
		{C6E35609-2D14-4F3D-88C6-00196718C463} = {A2AAE1D0-2110-421A-934A-246DD4C8A7DC}
		{C5EC66D8-A0EB-4854-8923-19FA2D91BC3B} = {C6E35609-2D14-4F3D-88C6-00196718C463}
		{F2995FBB-82B9-4362-AC1E-FEC7985D4127} = {1DC4EEF5-CF4F-48B9-A6FC-76376BB7E103}
		{AD8BDE52-9D94-4179-83AC-33BC47C75E1C} = {1DC4EEF5-CF4F-48B9-A6FC-76376BB7E103}
		{AC9D13AA-117F-4AB6-9E96-CA84ECF755EE} = {6249334E-2252-4264-9046-F4B64FC5657A}
		{D850B175-4194-496C-9E4D-B589AA88A92F} = {AC9D13AA-117F-4AB6-9E96-CA84ECF755EE}
		{EAEE9872-48D4-47DE-811A-6DECAC4EACC1} = {AC9D13AA-117F-4AB6-9E96-CA84ECF755EE}
		{CE0C4B9B-07D9-4107-9C72-1280592D2F8A} = {AC9D13AA-117F-4AB6-9E96-CA84ECF755EE}
		{FFB94FC5-A385-4F28-A0ED-836EBF638156} = {AC9D13AA-117F-4AB6-9E96-CA84ECF755EE}
		{BBE95991-9257-44A8-B504-C4DB924AFF97} = {A2AAE1D0-2110-421A-934A-246DD4C8A7DC}
		{C2D9B9A3-7122-4B79-ABE3-3CC39FF99D68} = {BBE95991-9257-44A8-B504-C4DB924AFF97}
	EndGlobalSection
	GlobalSection(ExtensibilityGlobals) = postSolution
		SolutionGuid = {1B1040E6-1F00-40F3-9A03-942CDD0439BC}
	EndGlobalSection
EndGlobal
