
Microsoft Visual Studio Solution File, Format Version 12.00
# Visual Studio Version 17
VisualStudioVersion = 17.12.35506.116 d17.12
MinimumVisualStudioVersion = 10.0.40219.1
Project("{FAE04EC0-301F-11D3-BF4B-00C04F79EFBC}") = "DirectoryExample1", "DirectoryExample1\DirectoryExample1.csproj", "{29A9DA5C-9EB8-4B2B-98F9-B0A9EB72F6BD}"
EndProject
Project("{FAE04EC0-301F-11D3-BF4B-00C04F79EFBC}") = "FileManagement", "FileManagement\FileManagement.csproj", "{EEEF0A4A-FC94-4A84-B9E3-02313AEA4BB3}"
EndProject
Global
	GlobalSection(SolutionConfigurationPlatforms) = preSolution
		Debug|Any CPU = Debug|Any CPU
		Release|Any CPU = Release|Any CPU
	EndGlobalSection
	GlobalSection(ProjectConfigurationPlatforms) = postSolution
		{29A9DA5C-9EB8-4B2B-98F9-B0A9EB72F6BD}.Debug|Any CPU.ActiveCfg = Debug|Any CPU
		{29A9DA5C-9EB8-4B2B-98F9-B0A9EB72F6BD}.Debug|Any CPU.Build.0 = Debug|Any CPU
		{29A9DA5C-9EB8-4B2B-98F9-B0A9EB72F6BD}.Release|Any CPU.ActiveCfg = Release|Any CPU
		{29A9DA5C-9EB8-4B2B-98F9-B0A9EB72F6BD}.Release|Any CPU.Build.0 = Release|Any CPU
		{EEEF0A4A-FC94-4A84-B9E3-02313AEA4BB3}.Debug|Any CPU.ActiveCfg = Debug|Any CPU
		{EEEF0A4A-FC94-4A84-B9E3-02313AEA4BB3}.Debug|Any CPU.Build.0 = Debug|Any CPU
		{EEEF0A4A-FC94-4A84-B9E3-02313AEA4BB3}.Release|Any CPU.ActiveCfg = Release|Any CPU
		{EEEF0A4A-FC94-4A84-B9E3-02313AEA4BB3}.Release|Any CPU.Build.0 = Release|Any CPU
	EndGlobalSection
	GlobalSection(SolutionProperties) = preSolution
		HideSolutionNode = FALSE
	EndGlobalSection
EndGlobal
