
Microsoft Visual Studio Solution File, Format Version 12.00
# Visual Studio Version 17
VisualStudioVersion = 17.12.35506.116 d17.12
MinimumVisualStudioVersion = 10.0.40219.1
Project("{FAE04EC0-301F-11D3-BF4B-00C04F79EFBC}") = "basic programs", "basic programs\basic programs.csproj", "{BDF00425-C5EA-4598-86D3-8A2A5B3D0A83}"
EndProject
Global
	GlobalSection(SolutionConfigurationPlatforms) = preSolution
		Debug|Any CPU = Debug|Any CPU
		Release|Any CPU = Release|Any CPU
	EndGlobalSection
	GlobalSection(ProjectConfigurationPlatforms) = postSolution
		{BDF00425-C5EA-4598-86D3-8A2A5B3D0A83}.Debug|Any CPU.ActiveCfg = Debug|Any CPU
		{BDF00425-C5EA-4598-86D3-8A2A5B3D0A83}.Debug|Any CPU.Build.0 = Debug|Any CPU
		{BDF00425-C5EA-4598-86D3-8A2A5B3D0A83}.Release|Any CPU.ActiveCfg = Release|Any CPU
		{BDF00425-C5EA-4598-86D3-8A2A5B3D0A83}.Release|Any CPU.Build.0 = Release|Any CPU
	EndGlobalSection
	GlobalSection(SolutionProperties) = preSolution
		HideSolutionNode = FALSE
	EndGlobalSection
EndGlobal
