
Microsoft Visual Studio Solution File, Format Version 12.00
# Visual Studio Version 17
VisualStudioVersion = 17.12.35506.116 d17.12
MinimumVisualStudioVersion = 10.0.40219.1
Project("{FAE04EC0-301F-11D3-BF4B-00C04F79EFBC}") = "MethodOverloadingExample2", "MethodOverloadingExample2\MethodOverloadingExample2.csproj", "{D7C95B82-CE54-40D3-B8C8-9494E531EB08}"
EndProject
Global
	GlobalSection(SolutionConfigurationPlatforms) = preSolution
		Debug|Any CPU = Debug|Any CPU
		Release|Any CPU = Release|Any CPU
	EndGlobalSection
	GlobalSection(ProjectConfigurationPlatforms) = postSolution
		{D7C95B82-CE54-40D3-B8C8-9494E531EB08}.Debug|Any CPU.ActiveCfg = Debug|Any CPU
		{D7C95B82-CE54-40D3-B8C8-9494E531EB08}.Debug|Any CPU.Build.0 = Debug|Any CPU
		{D7C95B82-CE54-40D3-B8C8-9494E531EB08}.Release|Any CPU.ActiveCfg = Release|Any CPU
		{D7C95B82-CE54-40D3-B8C8-9494E531EB08}.Release|Any CPU.Build.0 = Release|Any CPU
	EndGlobalSection
	GlobalSection(SolutionProperties) = preSolution
		HideSolutionNode = FALSE
	EndGlobalSection
EndGlobal
