
Microsoft Visual Studio Solution File, Format Version 12.00
# Visual Studio Version 17
VisualStudioVersion = 17.12.35506.116 d17.12
MinimumVisualStudioVersion = 10.0.40219.1
Project("{FAE04EC0-301F-11D3-BF4B-00C04F79EFBC}") = "ConstructorExample", "ConstructorExample\ConstructorExample.csproj", "{A37C7EE6-7CC0-4232-BF10-E7DE32AD553D}"
EndProject
Global
	GlobalSection(SolutionConfigurationPlatforms) = preSolution
		Debug|Any CPU = Debug|Any CPU
		Release|Any CPU = Release|Any CPU
	EndGlobalSection
	GlobalSection(ProjectConfigurationPlatforms) = postSolution
		{A37C7EE6-7CC0-4232-BF10-E7DE32AD553D}.Debug|Any CPU.ActiveCfg = Debug|Any CPU
		{A37C7EE6-7CC0-4232-BF10-E7DE32AD553D}.Debug|Any CPU.Build.0 = Debug|Any CPU
		{A37C7EE6-7CC0-4232-BF10-E7DE32AD553D}.Release|Any CPU.ActiveCfg = Release|Any CPU
		{A37C7EE6-7CC0-4232-BF10-E7DE32AD553D}.Release|Any CPU.Build.0 = Release|Any CPU
	EndGlobalSection
	GlobalSection(SolutionProperties) = preSolution
		HideSolutionNode = FALSE
	EndGlobalSection
EndGlobal
