
Microsoft Visual Studio Solution File, Format Version 12.00
# Visual Studio Version 17
VisualStudioVersion = 17.13.35825.156 d17.13
MinimumVisualStudioVersion = 10.0.40219.1
Project("{FAE04EC0-301F-11D3-BF4B-00C04F79EFBC}") = "DiamondStarCode", "DiamondStarCode\DiamondStarCode.csproj", "{9435E304-3389-4177-AF66-E4C161372907}"
EndProject
Global
	GlobalSection(SolutionConfigurationPlatforms) = preSolution
		Debug|Any CPU = Debug|Any CPU
		Release|Any CPU = Release|Any CPU
	EndGlobalSection
	GlobalSection(ProjectConfigurationPlatforms) = postSolution
		{9435E304-3389-4177-AF66-E4C161372907}.Debug|Any CPU.ActiveCfg = Debug|Any CPU
		{9435E304-3389-4177-AF66-E4C161372907}.Debug|Any CPU.Build.0 = Debug|Any CPU
		{9435E304-3389-4177-AF66-E4C161372907}.Release|Any CPU.ActiveCfg = Release|Any CPU
		{9435E304-3389-4177-AF66-E4C161372907}.Release|Any CPU.Build.0 = Release|Any CPU
	EndGlobalSection
	GlobalSection(SolutionProperties) = preSolution
		HideSolutionNode = FALSE
	EndGlobalSection
	GlobalSection(ExtensibilityGlobals) = postSolution
		SolutionGuid = {E0C707FD-9CE2-4087-B1C3-EE1B49B0748A}
	EndGlobalSection
EndGlobal
