
Microsoft Visual Studio Solution File, Format Version 12.00
# Visual Studio Version 17
VisualStudioVersion = 17.13.35825.156 d17.13
MinimumVisualStudioVersion = 10.0.40219.1
Project("{FAE04EC0-301F-11D3-BF4B-00C04F79EFBC}") = "ListProgram", "ListProgram\ListProgram.csproj", "{68A591FB-1691-4FE3-BEB2-308B6CB3E812}"
EndProject
Global
	GlobalSection(SolutionConfigurationPlatforms) = preSolution
		Debug|Any CPU = Debug|Any CPU
		Release|Any CPU = Release|Any CPU
	EndGlobalSection
	GlobalSection(ProjectConfigurationPlatforms) = postSolution
		{68A591FB-1691-4FE3-BEB2-308B6CB3E812}.Debug|Any CPU.ActiveCfg = Debug|Any CPU
		{68A591FB-1691-4FE3-BEB2-308B6CB3E812}.Debug|Any CPU.Build.0 = Debug|Any CPU
		{68A591FB-1691-4FE3-BEB2-308B6CB3E812}.Release|Any CPU.ActiveCfg = Release|Any CPU
		{68A591FB-1691-4FE3-BEB2-308B6CB3E812}.Release|Any CPU.Build.0 = Release|Any CPU
	EndGlobalSection
	GlobalSection(SolutionProperties) = preSolution
		HideSolutionNode = FALSE
	EndGlobalSection
	GlobalSection(ExtensibilityGlobals) = postSolution
		SolutionGuid = {6B72AB6D-788F-4761-9B46-580DD8C8CB46}
	EndGlobalSection
EndGlobal
